
Microsoft Visual Studio Solution File, Format Version 12.00
# Visual Studio 14
VisualStudioVersion = 14.0.25123.0
MinimumVisualStudioVersion = 10.0.40219.1
Project("{D954291E-2A0B-460D-934E-DC6B0785DB48}") = "Models", "Models\Models.shproj", "{6CEB5A83-F774-4D91-99DC-EE6F63FDB7D0}"
EndProject
Global
	GlobalSection(SharedMSBuildProjectFiles) = preSolution
		Models\Models.projitems*{6ceb5a83-f774-4d91-99dc-ee6f63fdb7d0}*SharedItemsImports = 13
	EndGlobalSection
	GlobalSection(SolutionProperties) = preSolution
		HideSolutionNode = FALSE
	EndGlobalSection
EndGlobal
